// !$*UTF8*$!
{
	archiveVersion = 1;
	classes = {
	};
	objectVersion = 50;
	objects = {

/* Begin PBXBuildFile section */
		565872BD20AB79AA002D8CA1 /* MatchingCardGame.swift in Sources */ = {isa = PBXBuildFile; fileRef = 565872BC20AB79AA002D8CA1 /* MatchingCardGame.swift */; };
		565872BF20AB7A73002D8CA1 /* Card.swift in Sources */ = {isa = PBXBuildFile; fileRef = 565872BE20AB7A73002D8CA1 /* Card.swift */; };
		56EAA60A20AA3CBB00299C78 /* AppDelegate.swift in Sources */ = {isa = PBXBuildFile; fileRef = 56EAA60920AA3CBB00299C78 /* AppDelegate.swift */; };
		56EAA60C20AA3CBB00299C78 /* ViewController.swift in Sources */ = {isa = PBXBuildFile; fileRef = 56EAA60B20AA3CBB00299C78 /* ViewController.swift */; };
		56EAA60F20AA3CBB00299C78 /* Main.storyboard in Resources */ = {isa = PBXBuildFile; fileRef = 56EAA60D20AA3CBB00299C78 /* Main.storyboard */; };
		56EAA61120AA3CC700299C78 /* Assets.xcassets in Resources */ = {isa = PBXBuildFile; fileRef = 56EAA61020AA3CC700299C78 /* Assets.xcassets */; };
		56EAA61420AA3CC700299C78 /* LaunchScreen.storyboard in Resources */ = {isa = PBXBuildFile; fileRef = 56EAA61220AA3CC700299C78 /* LaunchScreen.storyboard */; };
		56EAA61F20AA3CC700299C78 /* MatchingCardsAppTests.swift in Sources */ = {isa = PBXBuildFile; fileRef = 56EAA61E20AA3CC700299C78 /* MatchingCardsAppTests.swift */; };
		56EAA62A20AA3CC700299C78 /* MatchingCardsAppUITests.swift in Sources */ = {isa = PBXBuildFile; fileRef = 56EAA62920AA3CC700299C78 /* MatchingCardsAppUITests.swift */; };
/* End PBXBuildFile section */

/* Begin PBXContainerItemProxy section */
		56EAA61B20AA3CC700299C78 /* PBXContainerItemProxy */ = {
			isa = PBXContainerItemProxy;
			containerPortal = 56EAA5FE20AA3CBB00299C78 /* Project object */;
			proxyType = 1;
			remoteGlobalIDString = 56EAA60520AA3CBB00299C78;
			remoteInfo = MatchingCardsApp;
		};
		56EAA62620AA3CC700299C78 /* PBXContainerItemProxy */ = {
			isa = PBXContainerItemProxy;
			containerPortal = 56EAA5FE20AA3CBB00299C78 /* Project object */;
			proxyType = 1;
			remoteGlobalIDString = 56EAA60520AA3CBB00299C78;
			remoteInfo = MatchingCardsApp;
		};
/* End PBXContainerItemProxy section */

/* Begin PBXFileReference section */
		565872BC20AB79AA002D8CA1 /* MatchingCardGame.swift */ = {isa = PBXFileReference; lastKnownFileType = sourcecode.swift; path = MatchingCardGame.swift; sourceTree = "<group>"; };
		565872BE20AB7A73002D8CA1 /* Card.swift */ = {isa = PBXFileReference; lastKnownFileType = sourcecode.swift; path = Card.swift; sourceTree = "<group>"; };
		56EAA60620AA3CBB00299C78 /* MatchingCardsApp.app */ = {isa = PBXFileReference; explicitFileType = wrapper.application; includeInIndex = 0; path = MatchingCardsApp.app; sourceTree = BUILT_PRODUCTS_DIR; };
		56EAA60920AA3CBB00299C78 /* AppDelegate.swift */ = {isa = PBXFileReference; lastKnownFileType = sourcecode.swift; path = AppDelegate.swift; sourceTree = "<group>"; };
		56EAA60B20AA3CBB00299C78 /* ViewController.swift */ = {isa = PBXFileReference; lastKnownFileType = sourcecode.swift; path = ViewController.swift; sourceTree = "<group>"; };
		56EAA60E20AA3CBB00299C78 /* Base */ = {isa = PBXFileReference; lastKnownFileType = file.storyboard; name = Base; path = Base.lproj/Main.storyboard; sourceTree = "<group>"; };
		56EAA61020AA3CC700299C78 /* Assets.xcassets */ = {isa = PBXFileReference; lastKnownFileType = folder.assetcatalog; path = Assets.xcassets; sourceTree = "<group>"; };
		56EAA61320AA3CC700299C78 /* Base */ = {isa = PBXFileReference; lastKnownFileType = file.storyboard; name = Base; path = Base.lproj/LaunchScreen.storyboard; sourceTree = "<group>"; };
		56EAA61520AA3CC700299C78 /* Info.plist */ = {isa = PBXFileReference; lastKnownFileType = text.plist.xml; path = Info.plist; sourceTree = "<group>"; };
		56EAA61A20AA3CC700299C78 /* MatchingCardsAppTests.xctest */ = {isa = PBXFileReference; explicitFileType = wrapper.cfbundle; includeInIndex = 0; path = MatchingCardsAppTests.xctest; sourceTree = BUILT_PRODUCTS_DIR; };
		56EAA61E20AA3CC700299C78 /* MatchingCardsAppTests.swift */ = {isa = PBXFileReference; lastKnownFileType = sourcecode.swift; path = MatchingCardsAppTests.swift; sourceTree = "<group>"; };
		56EAA62020AA3CC700299C78 /* Info.plist */ = {isa = PBXFileReference; lastKnownFileType = text.plist.xml; path = Info.plist; sourceTree = "<group>"; };
		56EAA62520AA3CC700299C78 /* MatchingCardsAppUITests.xctest */ = {isa = PBXFileReference; explicitFileType = wrapper.cfbundle; includeInIndex = 0; path = MatchingCardsAppUITests.xctest; sourceTree = BUILT_PRODUCTS_DIR; };
		56EAA62920AA3CC700299C78 /* MatchingCardsAppUITests.swift */ = {isa = PBXFileReference; lastKnownFileType = sourcecode.swift; path = MatchingCardsAppUITests.swift; sourceTree = "<group>"; };
		56EAA62B20AA3CC700299C78 /* Info.plist */ = {isa = PBXFileReference; lastKnownFileType = text.plist.xml; path = Info.plist; sourceTree = "<group>"; };
/* End PBXFileReference section */

/* Begin PBXFrameworksBuildPhase section */
		56EAA60320AA3CBB00299C78 /* Frameworks */ = {
			isa = PBXFrameworksBuildPhase;
			buildActionMask = 2147483647;
			files = (
			);
			runOnlyForDeploymentPostprocessing = 0;
		};
		56EAA61720AA3CC700299C78 /* Frameworks */ = {
			isa = PBXFrameworksBuildPhase;
			buildActionMask = 2147483647;
			files = (
			);
			runOnlyForDeploymentPostprocessing = 0;
		};
		56EAA62220AA3CC700299C78 /* Frameworks */ = {
			isa = PBXFrameworksBuildPhase;
			buildActionMask = 2147483647;
			files = (
			);
			runOnlyForDeploymentPostprocessing = 0;
		};
/* End PBXFrameworksBuildPhase section */

/* Begin PBXGroup section */
		56EAA5FD20AA3CBB00299C78 = {
			isa = PBXGroup;
			children = (
				56EAA60820AA3CBB00299C78 /* MatchingCardsApp */,
				56EAA61D20AA3CC700299C78 /* MatchingCardsAppTests */,
				56EAA62820AA3CC700299C78 /* MatchingCardsAppUITests */,
				56EAA60720AA3CBB00299C78 /* Products */,
			);
			sourceTree = "<group>";
		};
		56EAA60720AA3CBB00299C78 /* Products */ = {
			isa = PBXGroup;
			children = (
				56EAA60620AA3CBB00299C78 /* MatchingCardsApp.app */,
				56EAA61A20AA3CC700299C78 /* MatchingCardsAppTests.xctest */,
				56EAA62520AA3CC700299C78 /* MatchingCardsAppUITests.xctest */,
			);
			name = Products;
			sourceTree = "<group>";
		};
		56EAA60820AA3CBB00299C78 /* MatchingCardsApp */ = {
			isa = PBXGroup;
			children = (
				56EAA60920AA3CBB00299C78 /* AppDelegate.swift */,
				56EAA60B20AA3CBB00299C78 /* ViewController.swift */,
				565872BC20AB79AA002D8CA1 /* MatchingCardGame.swift */,
				565872BE20AB7A73002D8CA1 /* Card.swift */,
				56EAA60D20AA3CBB00299C78 /* Main.storyboard */,
				56EAA61020AA3CC700299C78 /* Assets.xcassets */,
				56EAA61220AA3CC700299C78 /* LaunchScreen.storyboard */,
				56EAA61520AA3CC700299C78 /* Info.plist */,
			);
			path = MatchingCardsApp;
			sourceTree = "<group>";
		};
		56EAA61D20AA3CC700299C78 /* MatchingCardsAppTests */ = {
			isa = PBXGroup;
			children = (
				56EAA61E20AA3CC700299C78 /* MatchingCardsAppTests.swift */,
				56EAA62020AA3CC700299C78 /* Info.plist */,
			);
			path = MatchingCardsAppTests;
			sourceTree = "<group>";
		};
		56EAA62820AA3CC700299C78 /* MatchingCardsAppUITests */ = {
			isa = PBXGroup;
			children = (
				56EAA62920AA3CC700299C78 /* MatchingCardsAppUITests.swift */,
				56EAA62B20AA3CC700299C78 /* Info.plist */,
			);
			path = MatchingCardsAppUITests;
			sourceTree = "<group>";
		};
/* End PBXGroup section */

/* Begin PBXNativeTarget section */
		56EAA60520AA3CBB00299C78 /* MatchingCardsApp */ = {
			isa = PBXNativeTarget;
			buildConfigurationList = 56EAA62E20AA3CC700299C78 /* Build configuration list for PBXNativeTarget "MatchingCardsApp" */;
			buildPhases = (
				56EAA60220AA3CBB00299C78 /* Sources */,
				56EAA60320AA3CBB00299C78 /* Frameworks */,
				56EAA60420AA3CBB00299C78 /* Resources */,
			);
			buildRules = (
			);
			dependencies = (
			);
			name = MatchingCardsApp;
			productName = MatchingCardsApp;
			productReference = 56EAA60620AA3CBB00299C78 /* MatchingCardsApp.app */;
			productType = "com.apple.product-type.application";
		};
		56EAA61920AA3CC700299C78 /* MatchingCardsAppTests */ = {
			isa = PBXNativeTarget;
			buildConfigurationList = 56EAA63120AA3CC700299C78 /* Build configuration list for PBXNativeTarget "MatchingCardsAppTests" */;
			buildPhases = (
				56EAA61620AA3CC700299C78 /* Sources */,
				56EAA61720AA3CC700299C78 /* Frameworks */,
				56EAA61820AA3CC700299C78 /* Resources */,
			);
			buildRules = (
			);
			dependencies = (
				56EAA61C20AA3CC700299C78 /* PBXTargetDependency */,
			);
			name = MatchingCardsAppTests;
			productName = MatchingCardsAppTests;
			productReference = 56EAA61A20AA3CC700299C78 /* MatchingCardsAppTests.xctest */;
			productType = "com.apple.product-type.bundle.unit-test";
		};
		56EAA62420AA3CC700299C78 /* MatchingCardsAppUITests */ = {
			isa = PBXNativeTarget;
			buildConfigurationList = 56EAA63420AA3CC700299C78 /* Build configuration list for PBXNativeTarget "MatchingCardsAppUITests" */;
			buildPhases = (
				56EAA62120AA3CC700299C78 /* Sources */,
				56EAA62220AA3CC700299C78 /* Frameworks */,
				56EAA62320AA3CC700299C78 /* Resources */,
			);
			buildRules = (
			);
			dependencies = (
				56EAA62720AA3CC700299C78 /* PBXTargetDependency */,
			);
			name = MatchingCardsAppUITests;
			productName = MatchingCardsAppUITests;
			productReference = 56EAA62520AA3CC700299C78 /* MatchingCardsAppUITests.xctest */;
			productType = "com.apple.product-type.bundle.ui-testing";
		};
/* End PBXNativeTarget section */

/* Begin PBXProject section */
		56EAA5FE20AA3CBB00299C78 /* Project object */ = {
			isa = PBXProject;
			attributes = {
				LastSwiftUpdateCheck = 0940;
				LastUpgradeCheck = 0940;
				ORGANIZATIONNAME = dexunzhu;
				TargetAttributes = {
					56EAA60520AA3CBB00299C78 = {
						CreatedOnToolsVersion = 9.4;
					};
					56EAA61920AA3CC700299C78 = {
						CreatedOnToolsVersion = 9.4;
						TestTargetID = 56EAA60520AA3CBB00299C78;
					};
					56EAA62420AA3CC700299C78 = {
						CreatedOnToolsVersion = 9.4;
						TestTargetID = 56EAA60520AA3CBB00299C78;
					};
				};
			};
			buildConfigurationList = 56EAA60120AA3CBB00299C78 /* Build configuration list for PBXProject "MatchingCardsApp" */;
			compatibilityVersion = "Xcode 9.3";
			developmentRegion = en;
			hasScannedForEncodings = 0;
			knownRegions = (
				en,
				Base,
			);
			mainGroup = 56EAA5FD20AA3CBB00299C78;
			productRefGroup = 56EAA60720AA3CBB00299C78 /* Products */;
			projectDirPath = "";
			projectRoot = "";
			targets = (
				56EAA60520AA3CBB00299C78 /* MatchingCardsApp */,
				56EAA61920AA3CC700299C78 /* MatchingCardsAppTests */,
				56EAA62420AA3CC700299C78 /* MatchingCardsAppUITests */,
			);
		};
/* End PBXProject section */

/* Begin PBXResourcesBuildPhase section */
		56EAA60420AA3CBB00299C78 /* Resources */ = {
			isa = PBXResourcesBuildPhase;
			buildActionMask = 2147483647;
			files = (
				56EAA61420AA3CC700299C78 /* LaunchScreen.storyboard in Resources */,
				56EAA61120AA3CC700299C78 /* Assets.xcassets in Resources */,
				56EAA60F20AA3CBB00299C78 /* Main.storyboard in Resources */,
			);
			runOnlyForDeploymentPostprocessing = 0;
		};
		56EAA61820AA3CC700299C78 /* Resources */ = {
			isa = PBXResourcesBuildPhase;
			buildActionMask = 2147483647;
			files = (
			);
			runOnlyForDeploymentPostprocessing = 0;
		};
		56EAA62320AA3CC700299C78 /* Resources */ = {
			isa = PBXResourcesBuildPhase;
			buildActionMask = 2147483647;
			files = (
			);
			runOnlyForDeploymentPostprocessing = 0;
		};
/* End PBXResourcesBuildPhase section */

/* Begin PBXSourcesBuildPhase section */
		56EAA60220AA3CBB00299C78 /* Sources */ = {
			isa = PBXSourcesBuildPhase;
			buildActionMask = 2147483647;
			files = (
				565872BD20AB79AA002D8CA1 /* MatchingCardGame.swift in Sources */,
				56EAA60C20AA3CBB00299C78 /* ViewController.swift in Sources */,
				56EAA60A20AA3CBB00299C78 /* AppDelegate.swift in Sources */,
				565872BF20AB7A73002D8CA1 /* Card.swift in Sources */,
			);
			runOnlyForDeploymentPostprocessing = 0;
		};
		56EAA61620AA3CC700299C78 /* Sources */ = {
			isa = PBXSourcesBuildPhase;
			buildActionMask = 2147483647;
			files = (
				56EAA61F20AA3CC700299C78 /* MatchingCardsAppTests.swift in Sources */,
			);
			runOnlyForDeploymentPostprocessing = 0;
		};
		56EAA62120AA3CC700299C78 /* Sources */ = {
			isa = PBXSourcesBuildPhase;
			buildActionMask = 2147483647;
			files = (
				56EAA62A20AA3CC700299C78 /* MatchingCardsAppUITests.swift in Sources */,
			);
			runOnlyForDeploymentPostprocessing = 0;
		};
/* End PBXSourcesBuildPhase section */

/* Begin PBXTargetDependency section */
		56EAA61C20AA3CC700299C78 /* PBXTargetDependency */ = {
			isa = PBXTargetDependency;
			target = 56EAA60520AA3CBB00299C78 /* MatchingCardsApp */;
			targetProxy = 56EAA61B20AA3CC700299C78 /* PBXContainerItemProxy */;
		};
		56EAA62720AA3CC700299C78 /* PBXTargetDependency */ = {
			isa = PBXTargetDependency;
			target = 56EAA60520AA3CBB00299C78 /* MatchingCardsApp */;
			targetProxy = 56EAA62620AA3CC700299C78 /* PBXContainerItemProxy */;
		};
/* End PBXTargetDependency section */

/* Begin PBXVariantGroup section */
		56EAA60D20AA3CBB00299C78 /* Main.storyboard */ = {
			isa = PBXVariantGroup;
			children = (
				56EAA60E20AA3CBB00299C78 /* Base */,
			);
			name = Main.storyboard;
			sourceTree = "<group>";
		};
		56EAA61220AA3CC700299C78 /* LaunchScreen.storyboard */ = {
			isa = PBXVariantGroup;
			children = (
				56EAA61320AA3CC700299C78 /* Base */,
			);
			name = LaunchScreen.storyboard;
			sourceTree = "<group>";
		};
/* End PBXVariantGroup section */

/* Begin XCBuildConfiguration section */
		56EAA62C20AA3CC700299C78 /* Debug */ = {
			isa = XCBuildConfiguration;
			buildSettings = {
				ALWAYS_SEARCH_USER_PATHS = NO;
				CLANG_ANALYZER_NONNULL = YES;
				CLANG_ANALYZER_NUMBER_OBJECT_CONVERSION = YES_AGGRESSIVE;
				CLANG_CXX_LANGUAGE_STANDARD = "gnu++14";
				CLANG_CXX_LIBRARY = "libc++";
				CLANG_ENABLE_MODULES = YES;
				CLANG_ENABLE_OBJC_ARC = YES;
				CLANG_ENABLE_OBJC_WEAK = YES;
				CLANG_WARN_BLOCK_CAPTURE_AUTORELEASING = YES;
				CLANG_WARN_BOOL_CONVERSION = YES;
				CLANG_WARN_COMMA = YES;
				CLANG_WARN_CONSTANT_CONVERSION = YES;
				CLANG_WARN_DEPRECATED_OBJC_IMPLEMENTATIONS = YES;
				CLANG_WARN_DIRECT_OBJC_ISA_USAGE = YES_ERROR;
				CLANG_WARN_DOCUMENTATION_COMMENTS = YES;
				CLANG_WARN_EMPTY_BODY = YES;
				CLANG_WARN_ENUM_CONVERSION = YES;
				CLANG_WARN_INFINITE_RECURSION = YES;
				CLANG_WARN_INT_CONVERSION = YES;
				CLANG_WARN_NON_LITERAL_NULL_CONVERSION = YES;
				CLANG_WARN_OBJC_IMPLICIT_RETAIN_SELF = YES;
				CLANG_WARN_OBJC_LITERAL_CONVERSION = YES;
				CLANG_WARN_OBJC_ROOT_CLASS = YES_ERROR;
				CLANG_WARN_RANGE_LOOP_ANALYSIS = YES;
				CLANG_WARN_STRICT_PROTOTYPES = YES;
				CLANG_WARN_SUSPICIOUS_MOVE = YES;
				CLANG_WARN_UNGUARDED_AVAILABILITY = YES_AGGRESSIVE;
				CLANG_WARN_UNREACHABLE_CODE = YES;
				CLANG_WARN__DUPLICATE_METHOD_MATCH = YES;
				CODE_SIGN_IDENTITY = "iPhone Developer";
				COPY_PHASE_STRIP = NO;
				DEBUG_INFORMATION_FORMAT = dwarf;
				ENABLE_STRICT_OBJC_MSGSEND = YES;
				ENABLE_TESTABILITY = YES;
				GCC_C_LANGUAGE_STANDARD = gnu11;
				GCC_DYNAMIC_NO_PIC = NO;
				GCC_NO_COMMON_BLOCKS = YES;
				GCC_OPTIMIZATION_LEVEL = 0;
				GCC_PREPROCESSOR_DEFINITIONS = (
					"DEBUG=1",
					"$(inherited)",
				);
				GCC_WARN_64_TO_32_BIT_CONVERSION = YES;
				GCC_WARN_ABOUT_RETURN_TYPE = YES_ERROR;
				GCC_WARN_UNDECLARED_SELECTOR = YES;
				GCC_WARN_UNINITIALIZED_AUTOS = YES_AGGRESSIVE;
				GCC_WARN_UNUSED_FUNCTION = YES;
				GCC_WARN_UNUSED_VARIABLE = YES;
				IPHONEOS_DEPLOYMENT_TARGET = 11.4;
				MTL_ENABLE_DEBUG_INFO = YES;
				ONLY_ACTIVE_ARCH = YES;
				SDKROOT = iphoneos;
				SWIFT_ACTIVE_COMPILATION_CONDITIONS = DEBUG;
				SWIFT_OPTIMIZATION_LEVEL = "-Onone";
			};
			name = Debug;
		};
		56EAA62D20AA3CC700299C78 /* Release */ = {
			isa = XCBuildConfiguration;
			buildSettings = {
				ALWAYS_SEARCH_USER_PATHS = NO;
				CLANG_ANALYZER_NONNULL = YES;
				CLANG_ANALYZER_NUMBER_OBJECT_CONVERSION = YES_AGGRESSIVE;
				CLANG_CXX_LANGUAGE_STANDARD = "gnu++14";
				CLANG_CXX_LIBRARY = "libc++";
				CLANG_ENABLE_MODULES = YES;
				CLANG_ENABLE_OBJC_ARC = YES;
				CLANG_ENABLE_OBJC_WEAK = YES;
				CLANG_WARN_BLOCK_CAPTURE_AUTORELEASING = YES;
				CLANG_WARN_BOOL_CONVERSION = YES;
				CLANG_WARN_COMMA = YES;
				CLANG_WARN_CONSTANT_CONVERSION = YES;
				CLANG_WARN_DEPRECATED_OBJC_IMPLEMENTATIONS = YES;
				CLANG_WARN_DIRECT_OBJC_ISA_USAGE = YES_ERROR;
				CLANG_WARN_DOCUMENTATION_COMMENTS = YES;
				CLANG_WARN_EMPTY_BODY = YES;
				CLANG_WARN_ENUM_CONVERSION = YES;
				CLANG_WARN_INFINITE_RECURSION = YES;
				CLANG_WARN_INT_CONVERSION = YES;
				CLANG_WARN_NON_LITERAL_NULL_CONVERSION = YES;
				CLANG_WARN_OBJC_IMPLICIT_RETAIN_SELF = YES;
				CLANG_WARN_OBJC_LITERAL_CONVERSION = YES;
				CLANG_WARN_OBJC_ROOT_CLASS = YES_ERROR;
				CLANG_WARN_RANGE_LOOP_ANALYSIS = YES;
				CLANG_WARN_STRICT_PROTOTYPES = YES;
				CLANG_WARN_SUSPICIOUS_MOVE = YES;
				CLANG_WARN_UNGUARDED_AVAILABILITY = YES_AGGRESSIVE;
				CLANG_WARN_UNREACHABLE_CODE = YES;
				CLANG_WARN__DUPLICATE_METHOD_MATCH = YES;
				CODE_SIGN_IDENTITY = "iPhone Developer";
				COPY_PHASE_STRIP = NO;
				DEBUG_INFORMATION_FORMAT = "dwarf-with-dsym";
				ENABLE_NS_ASSERTIONS = NO;
				ENABLE_STRICT_OBJC_MSGSEND = YES;
				GCC_C_LANGUAGE_STANDARD = gnu11;
				GCC_NO_COMMON_BLOCKS = YES;
				GCC_WARN_64_TO_32_BIT_CONVERSION = YES;
				GCC_WARN_ABOUT_RETURN_TYPE = YES_ERROR;
				GCC_WARN_UNDECLARED_SELECTOR = YES;
				GCC_WARN_UNINITIALIZED_AUTOS = YES_AGGRESSIVE;
				GCC_WARN_UNUSED_FUNCTION = YES;
				GCC_WARN_UNUSED_VARIABLE = YES;
				IPHONEOS_DEPLOYMENT_TARGET = 11.4;
				MTL_ENABLE_DEBUG_INFO = NO;
				SDKROOT = iphoneos;
				SWIFT_COMPILATION_MODE = wholemodule;
				SWIFT_OPTIMIZATION_LEVEL = "-O";
				VALIDATE_PRODUCT = YES;
			};
			name = Release;
		};
		56EAA62F20AA3CC700299C78 /* Debug */ = {
			isa = XCBuildConfiguration;
			buildSettings = {
				ASSETCATALOG_COMPILER_APPICON_NAME = AppIcon;
				CODE_SIGN_STYLE = Automatic;
				INFOPLIST_FILE = MatchingCardsApp/Info.plist;
				LD_RUNPATH_SEARCH_PATHS = (
					"$(inherited)",
					"@executable_path/Frameworks",
				);
				PRODUCT_BUNDLE_IDENTIFIER = CICCC.MatchingCardsApp;
				PRODUCT_NAME = "$(TARGET_NAME)";
				SWIFT_VERSION = 4.0;
				TARGETED_DEVICE_FAMILY = "1,2";
			};
			name = Debug;
		};
		56EAA63020AA3CC700299C78 /* Release */ = {
			isa = XCBuildConfiguration;
			buildSettings = {
				ASSETCATALOG_COMPILER_APPICON_NAME = AppIcon;
				CODE_SIGN_STYLE = Automatic;
				INFOPLIST_FILE = MatchingCardsApp/Info.plist;
				LD_RUNPATH_SEARCH_PATHS = (
					"$(inherited)",
					"@executable_path/Frameworks",
				);
				PRODUCT_BUNDLE_IDENTIFIER = CICCC.MatchingCardsApp;
				PRODUCT_NAME = "$(TARGET_NAME)";
				SWIFT_VERSION = 4.0;
				TARGETED_DEVICE_FAMILY = "1,2";
			};
			name = Release;
		};
		56EAA63220AA3CC700299C78 /* Debug */ = {
			isa = XCBuildConfiguration;
			buildSettings = {
				ALWAYS_EMBED_SWIFT_STANDARD_LIBRARIES = YES;
				BUNDLE_LOADER = "$(TEST_HOST)";
				CODE_SIGN_STYLE = Automatic;
				INFOPLIST_FILE = MatchingCardsAppTests/Info.plist;
				LD_RUNPATH_SEARCH_PATHS = (
					"$(inherited)",
					"@executable_path/Frameworks",
					"@loader_path/Frameworks",
				);
				PRODUCT_BUNDLE_IDENTIFIER = CICCC.MatchingCardsAppTests;
				PRODUCT_NAME = "$(TARGET_NAME)";
				SWIFT_VERSION = 4.0;
				TARGETED_DEVICE_FAMILY = "1,2";
				TEST_HOST = "$(BUILT_PRODUCTS_DIR)/MatchingCardsApp.app/MatchingCardsApp";
			};
			name = Debug;
		};
		56EAA63320AA3CC700299C78 /* Release */ = {
			isa = XCBuildConfiguration;
			buildSettings = {
				ALWAYS_EMBED_SWIFT_STANDARD_LIBRARIES = YES;
				BUNDLE_LOADER = "$(TEST_HOST)";
				CODE_SIGN_STYLE = Automatic;
				INFOPLIST_FILE = MatchingCardsAppTests/Info.plist;
				LD_RUNPATH_SEARCH_PATHS = (
					"$(inherited)",
					"@executable_path/Frameworks",
					"@loader_path/Frameworks",
				);
				PRODUCT_BUNDLE_IDENTIFIER = CICCC.MatchingCardsAppTests;
				PRODUCT_NAME = "$(TARGET_NAME)";
				SWIFT_VERSION = 4.0;
				TARGETED_DEVICE_FAMILY = "1,2";
				TEST_HOST = "$(BUILT_PRODUCTS_DIR)/MatchingCardsApp.app/MatchingCardsApp";
			};
			name = Release;
		};
		56EAA63520AA3CC700299C78 /* Debug */ = {
			isa = XCBuildConfiguration;
			buildSettings = {
				ALWAYS_EMBED_SWIFT_STANDARD_LIBRARIES = YES;
				CODE_SIGN_STYLE = Automatic;
				INFOPLIST_FILE = MatchingCardsAppUITests/Info.plist;
				LD_RUNPATH_SEARCH_PATHS = (
					"$(inherited)",
					"@executable_path/Frameworks",
					"@loader_path/Frameworks",
				);
				PRODUCT_BUNDLE_IDENTIFIER = CICCC.MatchingCardsAppUITests;
				PRODUCT_NAME = "$(TARGET_NAME)";
				SWIFT_VERSION = 4.0;
				TARGETED_DEVICE_FAMILY = "1,2";
				TEST_TARGET_NAME = MatchingCardsApp;
			};
			name = Debug;
		};
		56EAA63620AA3CC700299C78 /* Release */ = {
			isa = XCBuildConfiguration;
			buildSettings = {
				ALWAYS_EMBED_SWIFT_STANDARD_LIBRARIES = YES;
				CODE_SIGN_STYLE = Automatic;
				INFOPLIST_FILE = MatchingCardsAppUITests/Info.plist;
				LD_RUNPATH_SEARCH_PATHS = (
					"$(inherited)",
					"@executable_path/Frameworks",
					"@loader_path/Frameworks",
				);
				PRODUCT_BUNDLE_IDENTIFIER = CICCC.MatchingCardsAppUITests;
				PRODUCT_NAME = "$(TARGET_NAME)";
				SWIFT_VERSION = 4.0;
				TARGETED_DEVICE_FAMILY = "1,2";
				TEST_TARGET_NAME = MatchingCardsApp;
			};
			name = Release;
		};
/* End XCBuildConfiguration section */

/* Begin XCConfigurationList section */
		56EAA60120AA3CBB00299C78 /* Build configuration list for PBXProject "MatchingCardsApp" */ = {
			isa = XCConfigurationList;
			buildConfigurations = (
				56EAA62C20AA3CC700299C78 /* Debug */,
				56EAA62D20AA3CC700299C78 /* Release */,
			);
			defaultConfigurationIsVisible = 0;
			defaultConfigurationName = Release;
		};
		56EAA62E20AA3CC700299C78 /* Build configuration list for PBXNativeTarget "MatchingCardsApp" */ = {
			isa = XCConfigurationList;
			buildConfigurations = (
				56EAA62F20AA3CC700299C78 /* Debug */,
				56EAA63020AA3CC700299C78 /* Release */,
			);
			defaultConfigurationIsVisible = 0;
			defaultConfigurationName = Release;
		};
		56EAA63120AA3CC700299C78 /* Build configuration list for PBXNativeTarget "MatchingCardsAppTests" */ = {
			isa = XCConfigurationList;
			buildConfigurations = (
				56EAA63220AA3CC700299C78 /* Debug */,
				56EAA63320AA3CC700299C78 /* Release */,
			);
			defaultConfigurationIsVisible = 0;
			defaultConfigurationName = Release;
		};
		56EAA63420AA3CC700299C78 /* Build configuration list for PBXNativeTarget "MatchingCardsAppUITests" */ = {
			isa = XCConfigurationList;
			buildConfigurations = (
				56EAA63520AA3CC700299C78 /* Debug */,
				56EAA63620AA3CC700299C78 /* Release */,
			);
			defaultConfigurationIsVisible = 0;
			defaultConfigurationName = Release;
		};
/* End XCConfigurationList section */
	};
	rootObject = 56EAA5FE20AA3CBB00299C78 /* Project object */;
}
