// !$*UTF8*$!
{
	archiveVersion = 1;
	classes = {
	};
	objectVersion = 50;
	objects = {

/* Begin PBXBuildFile section */
		56BE98D220B4B4610097EEA8 /* AppDelegate.swift in Sources */ = {isa = PBXBuildFile; fileRef = 56BE98D120B4B4610097EEA8 /* AppDelegate.swift */; };
		56BE98D420B4B4610097EEA8 /* ViewController.swift in Sources */ = {isa = PBXBuildFile; fileRef = 56BE98D320B4B4610097EEA8 /* ViewController.swift */; };
		56BE98D720B4B4610097EEA8 /* Main.storyboard in Resources */ = {isa = PBXBuildFile; fileRef = 56BE98D520B4B4610097EEA8 /* Main.storyboard */; };
		56BE98D920B4B4670097EEA8 /* Assets.xcassets in Resources */ = {isa = PBXBuildFile; fileRef = 56BE98D820B4B4670097EEA8 /* Assets.xcassets */; };
		56BE98DC20B4B4670097EEA8 /* LaunchScreen.storyboard in Resources */ = {isa = PBXBuildFile; fileRef = 56BE98DA20B4B4670097EEA8 /* LaunchScreen.storyboard */; };
		56BE98E720B4B4670097EEA8 /* PlayingCardsTests.swift in Sources */ = {isa = PBXBuildFile; fileRef = 56BE98E620B4B4670097EEA8 /* PlayingCardsTests.swift */; };
		56BE98F220B4B4670097EEA8 /* PlayingCardsUITests.swift in Sources */ = {isa = PBXBuildFile; fileRef = 56BE98F120B4B4670097EEA8 /* PlayingCardsUITests.swift */; };
		56BE990020B4B4B50097EEA8 /* PlayingCard.swift in Sources */ = {isa = PBXBuildFile; fileRef = 56BE98FF20B4B4B50097EEA8 /* PlayingCard.swift */; };
		56BE990420B4B81C0097EEA8 /* DeckOfPlayingCards.swift in Sources */ = {isa = PBXBuildFile; fileRef = 56BE990320B4B81C0097EEA8 /* DeckOfPlayingCards.swift */; };
		56BE990620B4CB6A0097EEA8 /* PlayingCardView.swift in Sources */ = {isa = PBXBuildFile; fileRef = 56BE990520B4CB6A0097EEA8 /* PlayingCardView.swift */; };
/* End PBXBuildFile section */

/* Begin PBXContainerItemProxy section */
		56BE98E320B4B4670097EEA8 /* PBXContainerItemProxy */ = {
			isa = PBXContainerItemProxy;
			containerPortal = 56BE98C620B4B4610097EEA8 /* Project object */;
			proxyType = 1;
			remoteGlobalIDString = 56BE98CD20B4B4610097EEA8;
			remoteInfo = PlayingCards;
		};
		56BE98EE20B4B4670097EEA8 /* PBXContainerItemProxy */ = {
			isa = PBXContainerItemProxy;
			containerPortal = 56BE98C620B4B4610097EEA8 /* Project object */;
			proxyType = 1;
			remoteGlobalIDString = 56BE98CD20B4B4610097EEA8;
			remoteInfo = PlayingCards;
		};
/* End PBXContainerItemProxy section */

/* Begin PBXFileReference section */
		56BE98CE20B4B4610097EEA8 /* PlayingCards.app */ = {isa = PBXFileReference; explicitFileType = wrapper.application; includeInIndex = 0; path = PlayingCards.app; sourceTree = BUILT_PRODUCTS_DIR; };
		56BE98D120B4B4610097EEA8 /* AppDelegate.swift */ = {isa = PBXFileReference; lastKnownFileType = sourcecode.swift; path = AppDelegate.swift; sourceTree = "<group>"; };
		56BE98D320B4B4610097EEA8 /* ViewController.swift */ = {isa = PBXFileReference; lastKnownFileType = sourcecode.swift; path = ViewController.swift; sourceTree = "<group>"; };
		56BE98D620B4B4610097EEA8 /* Base */ = {isa = PBXFileReference; lastKnownFileType = file.storyboard; name = Base; path = Base.lproj/Main.storyboard; sourceTree = "<group>"; };
		56BE98D820B4B4670097EEA8 /* Assets.xcassets */ = {isa = PBXFileReference; lastKnownFileType = folder.assetcatalog; path = Assets.xcassets; sourceTree = "<group>"; };
		56BE98DB20B4B4670097EEA8 /* Base */ = {isa = PBXFileReference; lastKnownFileType = file.storyboard; name = Base; path = Base.lproj/LaunchScreen.storyboard; sourceTree = "<group>"; };
		56BE98DD20B4B4670097EEA8 /* Info.plist */ = {isa = PBXFileReference; lastKnownFileType = text.plist.xml; path = Info.plist; sourceTree = "<group>"; };
		56BE98E220B4B4670097EEA8 /* PlayingCardsTests.xctest */ = {isa = PBXFileReference; explicitFileType = wrapper.cfbundle; includeInIndex = 0; path = PlayingCardsTests.xctest; sourceTree = BUILT_PRODUCTS_DIR; };
		56BE98E620B4B4670097EEA8 /* PlayingCardsTests.swift */ = {isa = PBXFileReference; lastKnownFileType = sourcecode.swift; path = PlayingCardsTests.swift; sourceTree = "<group>"; };
		56BE98E820B4B4670097EEA8 /* Info.plist */ = {isa = PBXFileReference; lastKnownFileType = text.plist.xml; path = Info.plist; sourceTree = "<group>"; };
		56BE98ED20B4B4670097EEA8 /* PlayingCardsUITests.xctest */ = {isa = PBXFileReference; explicitFileType = wrapper.cfbundle; includeInIndex = 0; path = PlayingCardsUITests.xctest; sourceTree = BUILT_PRODUCTS_DIR; };
		56BE98F120B4B4670097EEA8 /* PlayingCardsUITests.swift */ = {isa = PBXFileReference; lastKnownFileType = sourcecode.swift; path = PlayingCardsUITests.swift; sourceTree = "<group>"; };
		56BE98F320B4B4680097EEA8 /* Info.plist */ = {isa = PBXFileReference; lastKnownFileType = text.plist.xml; path = Info.plist; sourceTree = "<group>"; };
		56BE98FF20B4B4B50097EEA8 /* PlayingCard.swift */ = {isa = PBXFileReference; lastKnownFileType = sourcecode.swift; path = PlayingCard.swift; sourceTree = "<group>"; };
		56BE990320B4B81C0097EEA8 /* DeckOfPlayingCards.swift */ = {isa = PBXFileReference; lastKnownFileType = sourcecode.swift; path = DeckOfPlayingCards.swift; sourceTree = "<group>"; };
		56BE990520B4CB6A0097EEA8 /* PlayingCardView.swift */ = {isa = PBXFileReference; lastKnownFileType = sourcecode.swift; path = PlayingCardView.swift; sourceTree = "<group>"; };
/* End PBXFileReference section */

/* Begin PBXFrameworksBuildPhase section */
		56BE98CB20B4B4610097EEA8 /* Frameworks */ = {
			isa = PBXFrameworksBuildPhase;
			buildActionMask = 2147483647;
			files = (
			);
			runOnlyForDeploymentPostprocessing = 0;
		};
		56BE98DF20B4B4670097EEA8 /* Frameworks */ = {
			isa = PBXFrameworksBuildPhase;
			buildActionMask = 2147483647;
			files = (
			);
			runOnlyForDeploymentPostprocessing = 0;
		};
		56BE98EA20B4B4670097EEA8 /* Frameworks */ = {
			isa = PBXFrameworksBuildPhase;
			buildActionMask = 2147483647;
			files = (
			);
			runOnlyForDeploymentPostprocessing = 0;
		};
/* End PBXFrameworksBuildPhase section */

/* Begin PBXGroup section */
		56BE98C520B4B4610097EEA8 = {
			isa = PBXGroup;
			children = (
				56BE98D020B4B4610097EEA8 /* PlayingCards */,
				56BE98E520B4B4670097EEA8 /* PlayingCardsTests */,
				56BE98F020B4B4670097EEA8 /* PlayingCardsUITests */,
				56BE98CF20B4B4610097EEA8 /* Products */,
			);
			sourceTree = "<group>";
		};
		56BE98CF20B4B4610097EEA8 /* Products */ = {
			isa = PBXGroup;
			children = (
				56BE98CE20B4B4610097EEA8 /* PlayingCards.app */,
				56BE98E220B4B4670097EEA8 /* PlayingCardsTests.xctest */,
				56BE98ED20B4B4670097EEA8 /* PlayingCardsUITests.xctest */,
			);
			name = Products;
			sourceTree = "<group>";
		};
		56BE98D020B4B4610097EEA8 /* PlayingCards */ = {
			isa = PBXGroup;
			children = (
				56BE990320B4B81C0097EEA8 /* DeckOfPlayingCards.swift */,
				56BE98D120B4B4610097EEA8 /* AppDelegate.swift */,
				56BE98D320B4B4610097EEA8 /* ViewController.swift */,
				56BE98FF20B4B4B50097EEA8 /* PlayingCard.swift */,
				56BE990520B4CB6A0097EEA8 /* PlayingCardView.swift */,
				56BE98D520B4B4610097EEA8 /* Main.storyboard */,
				56BE98D820B4B4670097EEA8 /* Assets.xcassets */,
				56BE98DA20B4B4670097EEA8 /* LaunchScreen.storyboard */,
				56BE98DD20B4B4670097EEA8 /* Info.plist */,
			);
			path = PlayingCards;
			sourceTree = "<group>";
		};
		56BE98E520B4B4670097EEA8 /* PlayingCardsTests */ = {
			isa = PBXGroup;
			children = (
				56BE98E620B4B4670097EEA8 /* PlayingCardsTests.swift */,
				56BE98E820B4B4670097EEA8 /* Info.plist */,
			);
			path = PlayingCardsTests;
			sourceTree = "<group>";
		};
		56BE98F020B4B4670097EEA8 /* PlayingCardsUITests */ = {
			isa = PBXGroup;
			children = (
				56BE98F120B4B4670097EEA8 /* PlayingCardsUITests.swift */,
				56BE98F320B4B4680097EEA8 /* Info.plist */,
			);
			path = PlayingCardsUITests;
			sourceTree = "<group>";
		};
/* End PBXGroup section */

/* Begin PBXNativeTarget section */
		56BE98CD20B4B4610097EEA8 /* PlayingCards */ = {
			isa = PBXNativeTarget;
			buildConfigurationList = 56BE98F620B4B4680097EEA8 /* Build configuration list for PBXNativeTarget "PlayingCards" */;
			buildPhases = (
				56BE98CA20B4B4610097EEA8 /* Sources */,
				56BE98CB20B4B4610097EEA8 /* Frameworks */,
				56BE98CC20B4B4610097EEA8 /* Resources */,
			);
			buildRules = (
			);
			dependencies = (
			);
			name = PlayingCards;
			productName = PlayingCards;
			productReference = 56BE98CE20B4B4610097EEA8 /* PlayingCards.app */;
			productType = "com.apple.product-type.application";
		};
		56BE98E120B4B4670097EEA8 /* PlayingCardsTests */ = {
			isa = PBXNativeTarget;
			buildConfigurationList = 56BE98F920B4B4680097EEA8 /* Build configuration list for PBXNativeTarget "PlayingCardsTests" */;
			buildPhases = (
				56BE98DE20B4B4670097EEA8 /* Sources */,
				56BE98DF20B4B4670097EEA8 /* Frameworks */,
				56BE98E020B4B4670097EEA8 /* Resources */,
			);
			buildRules = (
			);
			dependencies = (
				56BE98E420B4B4670097EEA8 /* PBXTargetDependency */,
			);
			name = PlayingCardsTests;
			productName = PlayingCardsTests;
			productReference = 56BE98E220B4B4670097EEA8 /* PlayingCardsTests.xctest */;
			productType = "com.apple.product-type.bundle.unit-test";
		};
		56BE98EC20B4B4670097EEA8 /* PlayingCardsUITests */ = {
			isa = PBXNativeTarget;
			buildConfigurationList = 56BE98FC20B4B4680097EEA8 /* Build configuration list for PBXNativeTarget "PlayingCardsUITests" */;
			buildPhases = (
				56BE98E920B4B4670097EEA8 /* Sources */,
				56BE98EA20B4B4670097EEA8 /* Frameworks */,
				56BE98EB20B4B4670097EEA8 /* Resources */,
			);
			buildRules = (
			);
			dependencies = (
				56BE98EF20B4B4670097EEA8 /* PBXTargetDependency */,
			);
			name = PlayingCardsUITests;
			productName = PlayingCardsUITests;
			productReference = 56BE98ED20B4B4670097EEA8 /* PlayingCardsUITests.xctest */;
			productType = "com.apple.product-type.bundle.ui-testing";
		};
/* End PBXNativeTarget section */

/* Begin PBXProject section */
		56BE98C620B4B4610097EEA8 /* Project object */ = {
			isa = PBXProject;
			attributes = {
				LastSwiftUpdateCheck = 0940;
				LastUpgradeCheck = 0940;
				ORGANIZATIONNAME = dexunzhu;
				TargetAttributes = {
					56BE98CD20B4B4610097EEA8 = {
						CreatedOnToolsVersion = 9.4;
					};
					56BE98E120B4B4670097EEA8 = {
						CreatedOnToolsVersion = 9.4;
						TestTargetID = 56BE98CD20B4B4610097EEA8;
					};
					56BE98EC20B4B4670097EEA8 = {
						CreatedOnToolsVersion = 9.4;
						TestTargetID = 56BE98CD20B4B4610097EEA8;
					};
				};
			};
			buildConfigurationList = 56BE98C920B4B4610097EEA8 /* Build configuration list for PBXProject "PlayingCards" */;
			compatibilityVersion = "Xcode 9.3";
			developmentRegion = en;
			hasScannedForEncodings = 0;
			knownRegions = (
				en,
				Base,
			);
			mainGroup = 56BE98C520B4B4610097EEA8;
			productRefGroup = 56BE98CF20B4B4610097EEA8 /* Products */;
			projectDirPath = "";
			projectRoot = "";
			targets = (
				56BE98CD20B4B4610097EEA8 /* PlayingCards */,
				56BE98E120B4B4670097EEA8 /* PlayingCardsTests */,
				56BE98EC20B4B4670097EEA8 /* PlayingCardsUITests */,
			);
		};
/* End PBXProject section */

/* Begin PBXResourcesBuildPhase section */
		56BE98CC20B4B4610097EEA8 /* Resources */ = {
			isa = PBXResourcesBuildPhase;
			buildActionMask = 2147483647;
			files = (
				56BE98DC20B4B4670097EEA8 /* LaunchScreen.storyboard in Resources */,
				56BE98D920B4B4670097EEA8 /* Assets.xcassets in Resources */,
				56BE98D720B4B4610097EEA8 /* Main.storyboard in Resources */,
			);
			runOnlyForDeploymentPostprocessing = 0;
		};
		56BE98E020B4B4670097EEA8 /* Resources */ = {
			isa = PBXResourcesBuildPhase;
			buildActionMask = 2147483647;
			files = (
			);
			runOnlyForDeploymentPostprocessing = 0;
		};
		56BE98EB20B4B4670097EEA8 /* Resources */ = {
			isa = PBXResourcesBuildPhase;
			buildActionMask = 2147483647;
			files = (
			);
			runOnlyForDeploymentPostprocessing = 0;
		};
/* End PBXResourcesBuildPhase section */

/* Begin PBXSourcesBuildPhase section */
		56BE98CA20B4B4610097EEA8 /* Sources */ = {
			isa = PBXSourcesBuildPhase;
			buildActionMask = 2147483647;
			files = (
				56BE990420B4B81C0097EEA8 /* DeckOfPlayingCards.swift in Sources */,
				56BE98D420B4B4610097EEA8 /* ViewController.swift in Sources */,
				56BE990020B4B4B50097EEA8 /* PlayingCard.swift in Sources */,
				56BE990620B4CB6A0097EEA8 /* PlayingCardView.swift in Sources */,
				56BE98D220B4B4610097EEA8 /* AppDelegate.swift in Sources */,
			);
			runOnlyForDeploymentPostprocessing = 0;
		};
		56BE98DE20B4B4670097EEA8 /* Sources */ = {
			isa = PBXSourcesBuildPhase;
			buildActionMask = 2147483647;
			files = (
				56BE98E720B4B4670097EEA8 /* PlayingCardsTests.swift in Sources */,
			);
			runOnlyForDeploymentPostprocessing = 0;
		};
		56BE98E920B4B4670097EEA8 /* Sources */ = {
			isa = PBXSourcesBuildPhase;
			buildActionMask = 2147483647;
			files = (
				56BE98F220B4B4670097EEA8 /* PlayingCardsUITests.swift in Sources */,
			);
			runOnlyForDeploymentPostprocessing = 0;
		};
/* End PBXSourcesBuildPhase section */

/* Begin PBXTargetDependency section */
		56BE98E420B4B4670097EEA8 /* PBXTargetDependency */ = {
			isa = PBXTargetDependency;
			target = 56BE98CD20B4B4610097EEA8 /* PlayingCards */;
			targetProxy = 56BE98E320B4B4670097EEA8 /* PBXContainerItemProxy */;
		};
		56BE98EF20B4B4670097EEA8 /* PBXTargetDependency */ = {
			isa = PBXTargetDependency;
			target = 56BE98CD20B4B4610097EEA8 /* PlayingCards */;
			targetProxy = 56BE98EE20B4B4670097EEA8 /* PBXContainerItemProxy */;
		};
/* End PBXTargetDependency section */

/* Begin PBXVariantGroup section */
		56BE98D520B4B4610097EEA8 /* Main.storyboard */ = {
			isa = PBXVariantGroup;
			children = (
				56BE98D620B4B4610097EEA8 /* Base */,
			);
			name = Main.storyboard;
			sourceTree = "<group>";
		};
		56BE98DA20B4B4670097EEA8 /* LaunchScreen.storyboard */ = {
			isa = PBXVariantGroup;
			children = (
				56BE98DB20B4B4670097EEA8 /* Base */,
			);
			name = LaunchScreen.storyboard;
			sourceTree = "<group>";
		};
/* End PBXVariantGroup section */

/* Begin XCBuildConfiguration section */
		56BE98F420B4B4680097EEA8 /* Debug */ = {
			isa = XCBuildConfiguration;
			buildSettings = {
				ALWAYS_SEARCH_USER_PATHS = NO;
				CLANG_ANALYZER_NONNULL = YES;
				CLANG_ANALYZER_NUMBER_OBJECT_CONVERSION = YES_AGGRESSIVE;
				CLANG_CXX_LANGUAGE_STANDARD = "gnu++14";
				CLANG_CXX_LIBRARY = "libc++";
				CLANG_ENABLE_MODULES = YES;
				CLANG_ENABLE_OBJC_ARC = YES;
				CLANG_ENABLE_OBJC_WEAK = YES;
				CLANG_WARN_BLOCK_CAPTURE_AUTORELEASING = YES;
				CLANG_WARN_BOOL_CONVERSION = YES;
				CLANG_WARN_COMMA = YES;
				CLANG_WARN_CONSTANT_CONVERSION = YES;
				CLANG_WARN_DEPRECATED_OBJC_IMPLEMENTATIONS = YES;
				CLANG_WARN_DIRECT_OBJC_ISA_USAGE = YES_ERROR;
				CLANG_WARN_DOCUMENTATION_COMMENTS = YES;
				CLANG_WARN_EMPTY_BODY = YES;
				CLANG_WARN_ENUM_CONVERSION = YES;
				CLANG_WARN_INFINITE_RECURSION = YES;
				CLANG_WARN_INT_CONVERSION = YES;
				CLANG_WARN_NON_LITERAL_NULL_CONVERSION = YES;
				CLANG_WARN_OBJC_IMPLICIT_RETAIN_SELF = YES;
				CLANG_WARN_OBJC_LITERAL_CONVERSION = YES;
				CLANG_WARN_OBJC_ROOT_CLASS = YES_ERROR;
				CLANG_WARN_RANGE_LOOP_ANALYSIS = YES;
				CLANG_WARN_STRICT_PROTOTYPES = YES;
				CLANG_WARN_SUSPICIOUS_MOVE = YES;
				CLANG_WARN_UNGUARDED_AVAILABILITY = YES_AGGRESSIVE;
				CLANG_WARN_UNREACHABLE_CODE = YES;
				CLANG_WARN__DUPLICATE_METHOD_MATCH = YES;
				CODE_SIGN_IDENTITY = "iPhone Developer";
				COPY_PHASE_STRIP = NO;
				DEBUG_INFORMATION_FORMAT = dwarf;
				ENABLE_STRICT_OBJC_MSGSEND = YES;
				ENABLE_TESTABILITY = YES;
				GCC_C_LANGUAGE_STANDARD = gnu11;
				GCC_DYNAMIC_NO_PIC = NO;
				GCC_NO_COMMON_BLOCKS = YES;
				GCC_OPTIMIZATION_LEVEL = 0;
				GCC_PREPROCESSOR_DEFINITIONS = (
					"DEBUG=1",
					"$(inherited)",
				);
				GCC_WARN_64_TO_32_BIT_CONVERSION = YES;
				GCC_WARN_ABOUT_RETURN_TYPE = YES_ERROR;
				GCC_WARN_UNDECLARED_SELECTOR = YES;
				GCC_WARN_UNINITIALIZED_AUTOS = YES_AGGRESSIVE;
				GCC_WARN_UNUSED_FUNCTION = YES;
				GCC_WARN_UNUSED_VARIABLE = YES;
				IPHONEOS_DEPLOYMENT_TARGET = 11.4;
				MTL_ENABLE_DEBUG_INFO = YES;
				ONLY_ACTIVE_ARCH = YES;
				SDKROOT = iphoneos;
				SWIFT_ACTIVE_COMPILATION_CONDITIONS = DEBUG;
				SWIFT_OPTIMIZATION_LEVEL = "-Onone";
			};
			name = Debug;
		};
		56BE98F520B4B4680097EEA8 /* Release */ = {
			isa = XCBuildConfiguration;
			buildSettings = {
				ALWAYS_SEARCH_USER_PATHS = NO;
				CLANG_ANALYZER_NONNULL = YES;
				CLANG_ANALYZER_NUMBER_OBJECT_CONVERSION = YES_AGGRESSIVE;
				CLANG_CXX_LANGUAGE_STANDARD = "gnu++14";
				CLANG_CXX_LIBRARY = "libc++";
				CLANG_ENABLE_MODULES = YES;
				CLANG_ENABLE_OBJC_ARC = YES;
				CLANG_ENABLE_OBJC_WEAK = YES;
				CLANG_WARN_BLOCK_CAPTURE_AUTORELEASING = YES;
				CLANG_WARN_BOOL_CONVERSION = YES;
				CLANG_WARN_COMMA = YES;
				CLANG_WARN_CONSTANT_CONVERSION = YES;
				CLANG_WARN_DEPRECATED_OBJC_IMPLEMENTATIONS = YES;
				CLANG_WARN_DIRECT_OBJC_ISA_USAGE = YES_ERROR;
				CLANG_WARN_DOCUMENTATION_COMMENTS = YES;
				CLANG_WARN_EMPTY_BODY = YES;
				CLANG_WARN_ENUM_CONVERSION = YES;
				CLANG_WARN_INFINITE_RECURSION = YES;
				CLANG_WARN_INT_CONVERSION = YES;
				CLANG_WARN_NON_LITERAL_NULL_CONVERSION = YES;
				CLANG_WARN_OBJC_IMPLICIT_RETAIN_SELF = YES;
				CLANG_WARN_OBJC_LITERAL_CONVERSION = YES;
				CLANG_WARN_OBJC_ROOT_CLASS = YES_ERROR;
				CLANG_WARN_RANGE_LOOP_ANALYSIS = YES;
				CLANG_WARN_STRICT_PROTOTYPES = YES;
				CLANG_WARN_SUSPICIOUS_MOVE = YES;
				CLANG_WARN_UNGUARDED_AVAILABILITY = YES_AGGRESSIVE;
				CLANG_WARN_UNREACHABLE_CODE = YES;
				CLANG_WARN__DUPLICATE_METHOD_MATCH = YES;
				CODE_SIGN_IDENTITY = "iPhone Developer";
				COPY_PHASE_STRIP = NO;
				DEBUG_INFORMATION_FORMAT = "dwarf-with-dsym";
				ENABLE_NS_ASSERTIONS = NO;
				ENABLE_STRICT_OBJC_MSGSEND = YES;
				GCC_C_LANGUAGE_STANDARD = gnu11;
				GCC_NO_COMMON_BLOCKS = YES;
				GCC_WARN_64_TO_32_BIT_CONVERSION = YES;
				GCC_WARN_ABOUT_RETURN_TYPE = YES_ERROR;
				GCC_WARN_UNDECLARED_SELECTOR = YES;
				GCC_WARN_UNINITIALIZED_AUTOS = YES_AGGRESSIVE;
				GCC_WARN_UNUSED_FUNCTION = YES;
				GCC_WARN_UNUSED_VARIABLE = YES;
				IPHONEOS_DEPLOYMENT_TARGET = 11.4;
				MTL_ENABLE_DEBUG_INFO = NO;
				SDKROOT = iphoneos;
				SWIFT_COMPILATION_MODE = wholemodule;
				SWIFT_OPTIMIZATION_LEVEL = "-O";
				VALIDATE_PRODUCT = YES;
			};
			name = Release;
		};
		56BE98F720B4B4680097EEA8 /* Debug */ = {
			isa = XCBuildConfiguration;
			buildSettings = {
				ASSETCATALOG_COMPILER_APPICON_NAME = AppIcon;
				CODE_SIGN_STYLE = Automatic;
				INFOPLIST_FILE = PlayingCards/Info.plist;
				LD_RUNPATH_SEARCH_PATHS = (
					"$(inherited)",
					"@executable_path/Frameworks",
				);
				PRODUCT_BUNDLE_IDENTIFIER = CICCC.PlayingCards;
				PRODUCT_NAME = "$(TARGET_NAME)";
				SWIFT_VERSION = 4.0;
				TARGETED_DEVICE_FAMILY = "1,2";
			};
			name = Debug;
		};
		56BE98F820B4B4680097EEA8 /* Release */ = {
			isa = XCBuildConfiguration;
			buildSettings = {
				ASSETCATALOG_COMPILER_APPICON_NAME = AppIcon;
				CODE_SIGN_STYLE = Automatic;
				INFOPLIST_FILE = PlayingCards/Info.plist;
				LD_RUNPATH_SEARCH_PATHS = (
					"$(inherited)",
					"@executable_path/Frameworks",
				);
				PRODUCT_BUNDLE_IDENTIFIER = CICCC.PlayingCards;
				PRODUCT_NAME = "$(TARGET_NAME)";
				SWIFT_VERSION = 4.0;
				TARGETED_DEVICE_FAMILY = "1,2";
			};
			name = Release;
		};
		56BE98FA20B4B4680097EEA8 /* Debug */ = {
			isa = XCBuildConfiguration;
			buildSettings = {
				ALWAYS_EMBED_SWIFT_STANDARD_LIBRARIES = YES;
				BUNDLE_LOADER = "$(TEST_HOST)";
				CODE_SIGN_STYLE = Automatic;
				INFOPLIST_FILE = PlayingCardsTests/Info.plist;
				LD_RUNPATH_SEARCH_PATHS = (
					"$(inherited)",
					"@executable_path/Frameworks",
					"@loader_path/Frameworks",
				);
				PRODUCT_BUNDLE_IDENTIFIER = CICCC.PlayingCardsTests;
				PRODUCT_NAME = "$(TARGET_NAME)";
				SWIFT_VERSION = 4.0;
				TARGETED_DEVICE_FAMILY = "1,2";
				TEST_HOST = "$(BUILT_PRODUCTS_DIR)/PlayingCards.app/PlayingCards";
			};
			name = Debug;
		};
		56BE98FB20B4B4680097EEA8 /* Release */ = {
			isa = XCBuildConfiguration;
			buildSettings = {
				ALWAYS_EMBED_SWIFT_STANDARD_LIBRARIES = YES;
				BUNDLE_LOADER = "$(TEST_HOST)";
				CODE_SIGN_STYLE = Automatic;
				INFOPLIST_FILE = PlayingCardsTests/Info.plist;
				LD_RUNPATH_SEARCH_PATHS = (
					"$(inherited)",
					"@executable_path/Frameworks",
					"@loader_path/Frameworks",
				);
				PRODUCT_BUNDLE_IDENTIFIER = CICCC.PlayingCardsTests;
				PRODUCT_NAME = "$(TARGET_NAME)";
				SWIFT_VERSION = 4.0;
				TARGETED_DEVICE_FAMILY = "1,2";
				TEST_HOST = "$(BUILT_PRODUCTS_DIR)/PlayingCards.app/PlayingCards";
			};
			name = Release;
		};
		56BE98FD20B4B4680097EEA8 /* Debug */ = {
			isa = XCBuildConfiguration;
			buildSettings = {
				ALWAYS_EMBED_SWIFT_STANDARD_LIBRARIES = YES;
				CODE_SIGN_STYLE = Automatic;
				INFOPLIST_FILE = PlayingCardsUITests/Info.plist;
				LD_RUNPATH_SEARCH_PATHS = (
					"$(inherited)",
					"@executable_path/Frameworks",
					"@loader_path/Frameworks",
				);
				PRODUCT_BUNDLE_IDENTIFIER = CICCC.PlayingCardsUITests;
				PRODUCT_NAME = "$(TARGET_NAME)";
				SWIFT_VERSION = 4.0;
				TARGETED_DEVICE_FAMILY = "1,2";
				TEST_TARGET_NAME = PlayingCards;
			};
			name = Debug;
		};
		56BE98FE20B4B4680097EEA8 /* Release */ = {
			isa = XCBuildConfiguration;
			buildSettings = {
				ALWAYS_EMBED_SWIFT_STANDARD_LIBRARIES = YES;
				CODE_SIGN_STYLE = Automatic;
				INFOPLIST_FILE = PlayingCardsUITests/Info.plist;
				LD_RUNPATH_SEARCH_PATHS = (
					"$(inherited)",
					"@executable_path/Frameworks",
					"@loader_path/Frameworks",
				);
				PRODUCT_BUNDLE_IDENTIFIER = CICCC.PlayingCardsUITests;
				PRODUCT_NAME = "$(TARGET_NAME)";
				SWIFT_VERSION = 4.0;
				TARGETED_DEVICE_FAMILY = "1,2";
				TEST_TARGET_NAME = PlayingCards;
			};
			name = Release;
		};
/* End XCBuildConfiguration section */

/* Begin XCConfigurationList section */
		56BE98C920B4B4610097EEA8 /* Build configuration list for PBXProject "PlayingCards" */ = {
			isa = XCConfigurationList;
			buildConfigurations = (
				56BE98F420B4B4680097EEA8 /* Debug */,
				56BE98F520B4B4680097EEA8 /* Release */,
			);
			defaultConfigurationIsVisible = 0;
			defaultConfigurationName = Release;
		};
		56BE98F620B4B4680097EEA8 /* Build configuration list for PBXNativeTarget "PlayingCards" */ = {
			isa = XCConfigurationList;
			buildConfigurations = (
				56BE98F720B4B4680097EEA8 /* Debug */,
				56BE98F820B4B4680097EEA8 /* Release */,
			);
			defaultConfigurationIsVisible = 0;
			defaultConfigurationName = Release;
		};
		56BE98F920B4B4680097EEA8 /* Build configuration list for PBXNativeTarget "PlayingCardsTests" */ = {
			isa = XCConfigurationList;
			buildConfigurations = (
				56BE98FA20B4B4680097EEA8 /* Debug */,
				56BE98FB20B4B4680097EEA8 /* Release */,
			);
			defaultConfigurationIsVisible = 0;
			defaultConfigurationName = Release;
		};
		56BE98FC20B4B4680097EEA8 /* Build configuration list for PBXNativeTarget "PlayingCardsUITests" */ = {
			isa = XCConfigurationList;
			buildConfigurations = (
				56BE98FD20B4B4680097EEA8 /* Debug */,
				56BE98FE20B4B4680097EEA8 /* Release */,
			);
			defaultConfigurationIsVisible = 0;
			defaultConfigurationName = Release;
		};
/* End XCConfigurationList section */
	};
	rootObject = 56BE98C620B4B4610097EEA8 /* Project object */;
}
